// !$*UTF8*$!
{
	archiveVersion = 1;
	classes = {
	};
	objectVersion = 50;
	objects = {

/* Begin PBXBuildFile section */
		513BBD2C267D4B8A00222523 /* AppDelegate.swift in Sources */ = {isa = PBXBuildFile; fileRef = 513BBD2B267D4B8A00222523 /* AppDelegate.swift */; };
		513BBD2E267D4B8A00222523 /* SceneDelegate.swift in Sources */ = {isa = PBXBuildFile; fileRef = 513BBD2D267D4B8A00222523 /* SceneDelegate.swift */; };
		513BBD30267D4B8A00222523 /* ViewController.swift in Sources */ = {isa = PBXBuildFile; fileRef = 513BBD2F267D4B8A00222523 /* ViewController.swift */; };
		513BBD33267D4B8A00222523 /* Main.storyboard in Resources */ = {isa = PBXBuildFile; fileRef = 513BBD31267D4B8A00222523 /* Main.storyboard */; };
		513BBD35267D4B8B00222523 /* Assets.xcassets in Resources */ = {isa = PBXBuildFile; fileRef = 513BBD34267D4B8B00222523 /* Assets.xcassets */; };
		513BBD38267D4B8B00222523 /* LaunchScreen.storyboard in Resources */ = {isa = PBXBuildFile; fileRef = 513BBD36267D4B8B00222523 /* LaunchScreen.storyboard */; };
/* End PBXBuildFile section */

/* Begin PBXFileReference section */
		513BBD28267D4B8A00222523 /* AutoLayoutTest3.app */ = {isa = PBXFileReference; explicitFileType = wrapper.application; includeInIndex = 0; path = AutoLayoutTest3.app; sourceTree = BUILT_PRODUCTS_DIR; };
		513BBD2B267D4B8A00222523 /* AppDelegate.swift */ = {isa = PBXFileReference; lastKnownFileType = sourcecode.swift; path = AppDelegate.swift; sourceTree = "<group>"; };
		513BBD2D267D4B8A00222523 /* SceneDelegate.swift */ = {isa = PBXFileReference; lastKnownFileType = sourcecode.swift; path = SceneDelegate.swift; sourceTree = "<group>"; };
		513BBD2F267D4B8A00222523 /* ViewController.swift */ = {isa = PBXFileReference; lastKnownFileType = sourcecode.swift; path = ViewController.swift; sourceTree = "<group>"; };
		513BBD32267D4B8A00222523 /* Base */ = {isa = PBXFileReference; lastKnownFileType = file.storyboard; name = Base; path = Base.lproj/Main.storyboard; sourceTree = "<group>"; };
		513BBD34267D4B8B00222523 /* Assets.xcassets */ = {isa = PBXFileReference; lastKnownFileType = folder.assetcatalog; path = Assets.xcassets; sourceTree = "<group>"; };
		513BBD37267D4B8B00222523 /* Base */ = {isa = PBXFileReference; lastKnownFileType = file.storyboard; name = Base; path = Base.lproj/LaunchScreen.storyboard; sourceTree = "<group>"; };
		513BBD39267D4B8B00222523 /* Info.plist */ = {isa = PBXFileReference; lastKnownFileType = text.plist.xml; path = Info.plist; sourceTree = "<group>"; };
/* End PBXFileReference section */

/* Begin PBXFrameworksBuildPhase section */
		513BBD25267D4B8A00222523 /* Frameworks */ = {
			isa = PBXFrameworksBuildPhase;
			buildActionMask = 2147483647;
			files = (
			);
			runOnlyForDeploymentPostprocessing = 0;
		};
/* End PBXFrameworksBuildPhase section */

/* Begin PBXGroup section */
		513BBD1F267D4B8A00222523 = {
			isa = PBXGroup;
			children = (
				513BBD2A267D4B8A00222523 /* AutoLayoutTest3 */,
				513BBD29267D4B8A00222523 /* Products */,
			);
			sourceTree = "<group>";
		};
		513BBD29267D4B8A00222523 /* Products */ = {
			isa = PBXGroup;
			children = (
				513BBD28267D4B8A00222523 /* AutoLayoutTest3.app */,
			);
			name = Products;
			sourceTree = "<group>";
		};
		513BBD2A267D4B8A00222523 /* AutoLayoutTest3 */ = {
			isa = PBXGroup;
			children = (
				513BBD2B267D4B8A00222523 /* AppDelegate.swift */,
				513BBD2D267D4B8A00222523 /* SceneDelegate.swift */,
				513BBD2F267D4B8A00222523 /* ViewController.swift */,
				513BBD31267D4B8A00222523 /* Main.storyboard */,
				513BBD34267D4B8B00222523 /* Assets.xcassets */,
				513BBD36267D4B8B00222523 /* LaunchScreen.storyboard */,
				513BBD39267D4B8B00222523 /* Info.plist */,
			);
			path = AutoLayoutTest3;
			sourceTree = "<group>";
		};
/* End PBXGroup section */

/* Begin PBXNativeTarget section */
		513BBD27267D4B8A00222523 /* AutoLayoutTest3 */ = {
			isa = PBXNativeTarget;
			buildConfigurationList = 513BBD3C267D4B8B00222523 /* Build configuration list for PBXNativeTarget "AutoLayoutTest3" */;
			buildPhases = (
				513BBD24267D4B8A00222523 /* Sources */,
				513BBD25267D4B8A00222523 /* Frameworks */,
				513BBD26267D4B8A00222523 /* Resources */,
			);
			buildRules = (
			);
			dependencies = (
			);
			name = AutoLayoutTest3;
			productName = AutoLayoutTest3;
			productReference = 513BBD28267D4B8A00222523 /* AutoLayoutTest3.app */;
			productType = "com.apple.product-type.application";
		};
/* End PBXNativeTarget section */

/* Begin PBXProject section */
		513BBD20267D4B8A00222523 /* Project object */ = {
			isa = PBXProject;
			attributes = {
				LastSwiftUpdateCheck = 1250;
				LastUpgradeCheck = 1250;
				TargetAttributes = {
					513BBD27267D4B8A00222523 = {
						CreatedOnToolsVersion = 12.5;
					};
				};
			};
			buildConfigurationList = 513BBD23267D4B8A00222523 /* Build configuration list for PBXProject "AutoLayoutTest3" */;
			compatibilityVersion = "Xcode 9.3";
			developmentRegion = en;
			hasScannedForEncodings = 0;
			knownRegions = (
				en,
				Base,
			);
			mainGroup = 513BBD1F267D4B8A00222523;
			productRefGroup = 513BBD29267D4B8A00222523 /* Products */;
			projectDirPath = "";
			projectRoot = "";
			targets = (
				513BBD27267D4B8A00222523 /* AutoLayoutTest3 */,
			);
		};
/* End PBXProject section */

/* Begin PBXResourcesBuildPhase section */
		513BBD26267D4B8A00222523 /* Resources */ = {
			isa = PBXResourcesBuildPhase;
			buildActionMask = 2147483647;
			files = (
				513BBD38267D4B8B00222523 /* LaunchScreen.storyboard in Resources */,
				513BBD35267D4B8B00222523 /* Assets.xcassets in Resources */,
				513BBD33267D4B8A00222523 /* Main.storyboard in Resources */,
			);
			runOnlyForDeploymentPostprocessing = 0;
		};
/* End PBXResourcesBuildPhase section */

/* Begin PBXSourcesBuildPhase section */
		513BBD24267D4B8A00222523 /* Sources */ = {
			isa = PBXSourcesBuildPhase;
			buildActionMask = 2147483647;
			files = (
				513BBD30267D4B8A00222523 /* ViewController.swift in Sources */,
				513BBD2C267D4B8A00222523 /* AppDelegate.swift in Sources */,
				513BBD2E267D4B8A00222523 /* SceneDelegate.swift in Sources */,
			);
			runOnlyForDeploymentPostprocessing = 0;
		};
/* End PBXSourcesBuildPhase section */

/* Begin PBXVariantGroup section */
		513BBD31267D4B8A00222523 /* Main.storyboard */ = {
			isa = PBXVariantGroup;
			children = (
				513BBD32267D4B8A00222523 /* Base */,
			);
			name = Main.storyboard;
			sourceTree = "<group>";
		};
		513BBD36267D4B8B00222523 /* LaunchScreen.storyboard */ = {
			isa = PBXVariantGroup;
			children = (
				513BBD37267D4B8B00222523 /* Base */,
			);
			name = LaunchScreen.storyboard;
			sourceTree = "<group>";
		};
/* End PBXVariantGroup section */

/* Begin XCBuildConfiguration section */
		513BBD3A267D4B8B00222523 /* Debug */ = {
			isa = XCBuildConfiguration;
			buildSettings = {
				ALWAYS_SEARCH_USER_PATHS = NO;
				CLANG_ANALYZER_NONNULL = YES;
				CLANG_ANALYZER_NUMBER_OBJECT_CONVERSION = YES_AGGRESSIVE;
				CLANG_CXX_LANGUAGE_STANDARD = "gnu++14";
				CLANG_CXX_LIBRARY = "libc++";
				CLANG_ENABLE_MODULES = YES;
				CLANG_ENABLE_OBJC_ARC = YES;
				CLANG_ENABLE_OBJC_WEAK = YES;
				CLANG_WARN_BLOCK_CAPTURE_AUTORELEASING = YES;
				CLANG_WARN_BOOL_CONVERSION = YES;
				CLANG_WARN_COMMA = YES;
				CLANG_WARN_CONSTANT_CONVERSION = YES;
				CLANG_WARN_DEPRECATED_OBJC_IMPLEMENTATIONS = YES;
				CLANG_WARN_DIRECT_OBJC_ISA_USAGE = YES_ERROR;
				CLANG_WARN_DOCUMENTATION_COMMENTS = YES;
				CLANG_WARN_EMPTY_BODY = YES;
				CLANG_WARN_ENUM_CONVERSION = YES;
				CLANG_WARN_INFINITE_RECURSION = YES;
				CLANG_WARN_INT_CONVERSION = YES;
				CLANG_WARN_NON_LITERAL_NULL_CONVERSION = YES;
				CLANG_WARN_OBJC_IMPLICIT_RETAIN_SELF = YES;
				CLANG_WARN_OBJC_LITERAL_CONVERSION = YES;
				CLANG_WARN_OBJC_ROOT_CLASS = YES_ERROR;
				CLANG_WARN_QUOTED_INCLUDE_IN_FRAMEWORK_HEADER = YES;
				CLANG_WARN_RANGE_LOOP_ANALYSIS = YES;
				CLANG_WARN_STRICT_PROTOTYPES = YES;
				CLANG_WARN_SUSPICIOUS_MOVE = YES;
				CLANG_WARN_UNGUARDED_AVAILABILITY = YES_AGGRESSIVE;
				CLANG_WARN_UNREACHABLE_CODE = YES;
				CLANG_WARN__DUPLICATE_METHOD_MATCH = YES;
				COPY_PHASE_STRIP = NO;
				DEBUG_INFORMATION_FORMAT = dwarf;
				ENABLE_STRICT_OBJC_MSGSEND = YES;
				ENABLE_TESTABILITY = YES;
				GCC_C_LANGUAGE_STANDARD = gnu11;
				GCC_DYNAMIC_NO_PIC = NO;
				GCC_NO_COMMON_BLOCKS = YES;
				GCC_OPTIMIZATION_LEVEL = 0;
				GCC_PREPROCESSOR_DEFINITIONS = (
					"DEBUG=1",
					"$(inherited)",
				);
				GCC_WARN_64_TO_32_BIT_CONVERSION = YES;
				GCC_WARN_ABOUT_RETURN_TYPE = YES_ERROR;
				GCC_WARN_UNDECLARED_SELECTOR = YES;
				GCC_WARN_UNINITIALIZED_AUTOS = YES_AGGRESSIVE;
				GCC_WARN_UNUSED_FUNCTION = YES;
				GCC_WARN_UNUSED_VARIABLE = YES;
				IPHONEOS_DEPLOYMENT_TARGET = 14.5;
				MTL_ENABLE_DEBUG_INFO = INCLUDE_SOURCE;
				MTL_FAST_MATH = YES;
				ONLY_ACTIVE_ARCH = YES;
				SDKROOT = iphoneos;
				SWIFT_ACTIVE_COMPILATION_CONDITIONS = DEBUG;
				SWIFT_OPTIMIZATION_LEVEL = "-Onone";
			};
			name = Debug;
		};
		513BBD3B267D4B8B00222523 /* Release */ = {
			isa = XCBuildConfiguration;
			buildSettings = {
				ALWAYS_SEARCH_USER_PATHS = NO;
				CLANG_ANALYZER_NONNULL = YES;
				CLANG_ANALYZER_NUMBER_OBJECT_CONVERSION = YES_AGGRESSIVE;
				CLANG_CXX_LANGUAGE_STANDARD = "gnu++14";
				CLANG_CXX_LIBRARY = "libc++";
				CLANG_ENABLE_MODULES = YES;
				CLANG_ENABLE_OBJC_ARC = YES;
				CLANG_ENABLE_OBJC_WEAK = YES;
				CLANG_WARN_BLOCK_CAPTURE_AUTORELEASING = YES;
				CLANG_WARN_BOOL_CONVERSION = YES;
				CLANG_WARN_COMMA = YES;
				CLANG_WARN_CONSTANT_CONVERSION = YES;
				CLANG_WARN_DEPRECATED_OBJC_IMPLEMENTATIONS = YES;
				CLANG_WARN_DIRECT_OBJC_ISA_USAGE = YES_ERROR;
				CLANG_WARN_DOCUMENTATION_COMMENTS = YES;
				CLANG_WARN_EMPTY_BODY = YES;
				CLANG_WARN_ENUM_CONVERSION = YES;
				CLANG_WARN_INFINITE_RECURSION = YES;
				CLANG_WARN_INT_CONVERSION = YES;
				CLANG_WARN_NON_LITERAL_NULL_CONVERSION = YES;
				CLANG_WARN_OBJC_IMPLICIT_RETAIN_SELF = YES;
				CLANG_WARN_OBJC_LITERAL_CONVERSION = YES;
				CLANG_WARN_OBJC_ROOT_CLASS = YES_ERROR;
				CLANG_WARN_QUOTED_INCLUDE_IN_FRAMEWORK_HEADER = YES;
				CLANG_WARN_RANGE_LOOP_ANALYSIS = YES;
				CLANG_WARN_STRICT_PROTOTYPES = YES;
				CLANG_WARN_SUSPICIOUS_MOVE = YES;
				CLANG_WARN_UNGUARDED_AVAILABILITY = YES_AGGRESSIVE;
				CLANG_WARN_UNREACHABLE_CODE = YES;
				CLANG_WARN__DUPLICATE_METHOD_MATCH = YES;
				COPY_PHASE_STRIP = NO;
				DEBUG_INFORMATION_FORMAT = "dwarf-with-dsym";
				ENABLE_NS_ASSERTIONS = NO;
				ENABLE_STRICT_OBJC_MSGSEND = YES;
				GCC_C_LANGUAGE_STANDARD = gnu11;
				GCC_NO_COMMON_BLOCKS = YES;
				GCC_WARN_64_TO_32_BIT_CONVERSION = YES;
				GCC_WARN_ABOUT_RETURN_TYPE = YES_ERROR;
				GCC_WARN_UNDECLARED_SELECTOR = YES;
				GCC_WARN_UNINITIALIZED_AUTOS = YES_AGGRESSIVE;
				GCC_WARN_UNUSED_FUNCTION = YES;
				GCC_WARN_UNUSED_VARIABLE = YES;
				IPHONEOS_DEPLOYMENT_TARGET = 14.5;
				MTL_ENABLE_DEBUG_INFO = NO;
				MTL_FAST_MATH = YES;
				SDKROOT = iphoneos;
				SWIFT_COMPILATION_MODE = wholemodule;
				SWIFT_OPTIMIZATION_LEVEL = "-O";
				VALIDATE_PRODUCT = YES;
			};
			name = Release;
		};
		513BBD3D267D4B8B00222523 /* Debug */ = {
			isa = XCBuildConfiguration;
			buildSettings = {
				ASSETCATALOG_COMPILER_APPICON_NAME = AppIcon;
				ASSETCATALOG_COMPILER_GLOBAL_ACCENT_COLOR_NAME = AccentColor;
				CODE_SIGN_STYLE = Automatic;
				DEVELOPMENT_TEAM = BJKP7RMLF9;
				INFOPLIST_FILE = AutoLayoutTest3/Info.plist;
				LD_RUNPATH_SEARCH_PATHS = (
					"$(inherited)",
					"@executable_path/Frameworks",
				);
				PRODUCT_BUNDLE_IDENTIFIER = com.tmans.AutoLayoutTest3;
				PRODUCT_NAME = "$(TARGET_NAME)";
				SWIFT_VERSION = 5.0;
				TARGETED_DEVICE_FAMILY = "1,2";
			};
			name = Debug;
		};
		513BBD3E267D4B8B00222523 /* Release */ = {
			isa = XCBuildConfiguration;
			buildSettings = {
				ASSETCATALOG_COMPILER_APPICON_NAME = AppIcon;
				ASSETCATALOG_COMPILER_GLOBAL_ACCENT_COLOR_NAME = AccentColor;
				CODE_SIGN_STYLE = Automatic;
				DEVELOPMENT_TEAM = BJKP7RMLF9;
				INFOPLIST_FILE = AutoLayoutTest3/Info.plist;
				LD_RUNPATH_SEARCH_PATHS = (
					"$(inherited)",
					"@executable_path/Frameworks",
				);
				PRODUCT_BUNDLE_IDENTIFIER = com.tmans.AutoLayoutTest3;
				PRODUCT_NAME = "$(TARGET_NAME)";
				SWIFT_VERSION = 5.0;
				TARGETED_DEVICE_FAMILY = "1,2";
			};
			name = Release;
		};
/* End XCBuildConfiguration section */

/* Begin XCConfigurationList section */
		513BBD23267D4B8A00222523 /* Build configuration list for PBXProject "AutoLayoutTest3" */ = {
			isa = XCConfigurationList;
			buildConfigurations = (
				513BBD3A267D4B8B00222523 /* Debug */,
				513BBD3B267D4B8B00222523 /* Release */,
			);
			defaultConfigurationIsVisible = 0;
			defaultConfigurationName = Release;
		};
		513BBD3C267D4B8B00222523 /* Build configuration list for PBXNativeTarget "AutoLayoutTest3" */ = {
			isa = XCConfigurationList;
			buildConfigurations = (
				513BBD3D267D4B8B00222523 /* Debug */,
				513BBD3E267D4B8B00222523 /* Release */,
			);
			defaultConfigurationIsVisible = 0;
			defaultConfigurationName = Release;
		};
/* End XCConfigurationList section */
	};
	rootObject = 513BBD20267D4B8A00222523 /* Project object */;
}
